"@ethereum-waffle/chai@^2.4.1":
  version "2.4.1"
  resolved "https://registry.yarnpkg.com/@ethereum-waffle/chai/-/chai-2.4.1.tgz#47a6cc2eebaca775b169b524a6dc0cfcf3d3c22d"
  integrity sha512-EMH8UtwhsSaCeUIlH72JPaUGhYTIeHJW0aVSM9EXKh0SMNJpptaHCz5dFpjoRwvhtVwOynuCc7SpFXMq7p8T0A==
  dependencies:
    ethers "^4.0.45"

"@ethereum-waffle/compiler@^2.4.1":
  version "2.4.1"
  resolved "https://registry.yarnpkg.com/@ethereum-waffle/compiler/-/compiler-2.4.1.tgz#8a1f0b4c5be8e22408a391944d3ecc7fc92e49a5"
  integrity sha512-f+o79gKFzXaan2IOvjYRFlnR2ae3bzDET6otiH9N27hYUx5w0AQRNDkQEpVcS+sjUL9WV6ZzcFlXcVsM6144fg==
  dependencies:
    "@resolver-engine/imports" "^0.3.3"
    "@resolver-engine/imports-fs" "^0.3.3"
    "@types/mkdirp" "^0.5.2"
    "@types/node-fetch" "^2.5.5"
    mkdirp "^0.5.1"
    node-fetch "^2.6.0"
    solc "^0.6.3"

"@ethereum-waffle/provider@^2.4.1":
  version "2.4.1"
  resolved "https://registry.yarnpkg.com/@ethereum-waffle/provider/-/provider-2.4.1.tgz#5480be31f9c655864e3eede374759973d20947ef"
  integrity sha512-OhRQfQlR6BsgGUEaeeaQXztbRQ0v/AmwEdmWHmBwJN6NX/FjLmOTIyF3LBWBFHH4K5GgSCDhFs6w5Khz+ojRKg==
  dependencies:
    ethers "^4.0.45"
    ganache-core "^2.10.2"

"@resolver-engine/core@^0.2.1":
  version "0.2.1"
  resolved "https://registry.yarnpkg.com/@resolver-engine/core/-/core-0.2.1.tgz#0d71803f6d3b8cb2e9ed481a1bf0ca5f5256d0c0"
  integrity sha512-nsLQHmPJ77QuifqsIvqjaF5B9aHnDzJjp73Q1z6apY3e9nqYrx4Dtowhpsf7Jwftg/XzVDEMQC+OzUBNTS+S1A==
  dependencies:
    debug "^3.1.0"
    request "^2.85.0"

"@resolver-engine/core@^0.3.3":
  version "0.3.3"
  resolved "https://registry.yarnpkg.com/@resolver-engine/core/-/core-0.3.3.tgz#590f77d85d45bc7ecc4e06c654f41345db6ca967"
  integrity sha512-eB8nEbKDJJBi5p5SrvrvILn4a0h42bKtbCTri3ZxCGt6UvoQyp7HnGOfki944bUjBSHKK3RvgfViHn+kqdXtnQ==
  dependencies:
    debug "^3.1.0"
    is-url "^1.2.4"
    request "^2.85.0"

"@resolver-engine/fs@^0.2.1":
  version "0.2.1"
  resolved "https://registry.yarnpkg.com/@resolver-engine/fs/-/fs-0.2.1.tgz#f98a308d77568cc02651d03636f46536b941b241"
  integrity sha512-7kJInM1Qo2LJcKyDhuYzh9ZWd+mal/fynfL9BNjWOiTcOpX+jNfqb/UmGUqros5pceBITlWGqS4lU709yHFUbg==
  dependencies:
    "@resolver-engine/core" "^0.2.1"
    debug "^3.1.0"

"@resolver-engine/fs@^0.3.3":
  version "0.3.3"
  resolved "https://registry.yarnpkg.com/@resolver-engine/fs/-/fs-0.3.3.tgz#fbf83fa0c4f60154a82c817d2fe3f3b0c049a973"
  integrity sha512-wQ9RhPUcny02Wm0IuJwYMyAG8fXVeKdmhm8xizNByD4ryZlx6PP6kRen+t/haF43cMfmaV7T3Cx6ChOdHEhFUQ==
  dependencies:
    "@resolver-engine/core" "^0.3.3"
    debug "^3.1.0"

"@resolver-engine/imports-fs@^0.2.2":
  version "0.2.2"
  resolved "https://registry.yarnpkg.com/@resolver-engine/imports-fs/-/imports-fs-0.2.2.tgz#5a81ef3285dbf0411ab3b15205080a1ad7622d9e"
  integrity sha512-gFCgMvCwyppjwq0UzIjde/WI+yDs3oatJhozG9xdjJdewwtd7LiF0T5i9lrHAUtqrQbqoFE4E+ZMRVHWpWHpKQ==
  dependencies:
    "@resolver-engine/fs" "^0.2.1"
    "@resolver-engine/imports" "^0.2.2"
    debug "^3.1.0"

"@resolver-engine/imports-fs@^0.3.3":
  version "0.3.3"
  resolved "https://registry.yarnpkg.com/@resolver-engine/imports-fs/-/imports-fs-0.3.3.tgz#4085db4b8d3c03feb7a425fbfcf5325c0d1e6c1b"
  integrity sha512-7Pjg/ZAZtxpeyCFlZR5zqYkz+Wdo84ugB5LApwriT8XFeQoLwGUj4tZFFvvCuxaNCcqZzCYbonJgmGObYBzyCA==
  dependencies:
    "@resolver-engine/fs" "^0.3.3"
    "@resolver-engine/imports" "^0.3.3"
    debug "^3.1.0"

"@resolver-engine/imports@^0.2.2":
  version "0.2.2"
  resolved "https://registry.yarnpkg.com/@resolver-engine/imports/-/imports-0.2.2.tgz#d3de55a1bb5f3beb7703fdde743298f321175843"
  integrity sha512-u5/HUkvo8q34AA+hnxxqqXGfby5swnH0Myw91o3Sm2TETJlNKXibFGSKBavAH+wvWdBi4Z5gS2Odu0PowgVOUg==
  dependencies:
    "@resolver-engine/core" "^0.2.1"
    debug "^3.1.0"
    hosted-git-info "^2.6.0"

"@resolver-engine/imports@^0.3.3":
  version "0.3.3"
  resolved "https://registry.yarnpkg.com/@resolver-engine/imports/-/imports-0.3.3.tgz#badfb513bb3ff3c1ee9fd56073e3144245588bcc"
  integrity sha512-anHpS4wN4sRMwsAbMXhMfOD/y4a4Oo0Cw/5+rue7hSwGWsDOQaAU1ClK1OxjUC35/peazxEl8JaSRRS+Xb8t3Q==
  dependencies:
    "@resolver-engine/core" "^0.3.3"
    debug "^3.1.0"
    hosted-git-info "^2.6.0"
    path-browserify "^1.0.0"
    url "^0.11.0"

"@sindresorhus/is@^0.14.0":
  version "0.14.0"
  resolved "https://registry.yarnpkg.com/@sindresorhus/is/-/is-0.14.0.tgz#9fb3a3cf3132328151f353de4632e01e52102bea"
  integrity sha512-9NET910DNaIPngYnLLPeg+Ogzqsi9uM4mSboU5y6p8S5DzMTVEsJZrawi+BoDNUVBa2DhJqQYUFvMDfgU062LQ==

"@solidity-parser/parser@^0.8.0":
  version "0.8.0"
  resolved "https://registry.yarnpkg.com/@solidity-parser/parser/-/parser-0.8.0.tgz#e56fe5f0e29753f928c8fb1ddf5f59e5d71363e9"
  integrity sha512-4Eg1iWe6ZuJC9Ynfd8D2cnu06So0QL6V3i+fgQRqT8twPMr+N+kUvS5K7ILgWpuoAag/jb3r0wBDfmpib+yvaw==

"@szmarczak/http-timer@^1.1.2":
  version "1.1.2"
  resolved "https://registry.yarnpkg.com/@szmarczak/http-timer/-/http-timer-1.1.2.tgz#b1665e2c461a2cd92f4c1bbf50d5454de0d4b421"
  integrity sha512-XIB2XbzHTN6ieIjfIMV9hlVcfPU26s2vafYWQcZHWXHOxiaRZYEDKEwdl129Zyg50+foYV2jCgtrqSA6qNuNSA==
  dependencies:
    defer-to-connect "^1.0.1"

"@types/bignumber.js@^5.0.0":
  version "5.0.0"
  resolved "https://registry.yarnpkg.com/@types/bignumber.js/-/bignumber.js-5.0.0.tgz#d9f1a378509f3010a3255e9cc822ad0eeb4ab969"
  integrity sha512-0DH7aPGCClywOFaxxjE6UwpN2kQYe9LwuDQMv+zYA97j5GkOMo8e66LYT+a8JYU7jfmUFRZLa9KycxHDsKXJCA==
  dependencies:
    bignumber.js "*"

"@types/bn.js@^4.11.3", "@types/bn.js@^4.11.4":
  version "4.11.6"
  resolved "https://registry.yarnpkg.com/@types/bn.js/-/bn.js-4.11.6.tgz#c306c70d9358aaea33cd4eda092a742b9505967c"
  integrity sha512-pqr857jrp2kPuO9uRjZ3PwnJTjoQy+fcdxvBTvHm6dkmEL9q+hDD/2j/0ELOBPtPnS8LjCX0gI9nbl8lVkadpg==
  dependencies:
    "@types/node" "*"

"@types/chai@^4.2.6":
  version "4.2.7"
  resolved "https://registry.yarnpkg.com/@types/chai/-/chai-4.2.7.tgz#1c8c25cbf6e59ffa7d6b9652c78e547d9a41692d"
  integrity sha512-luq8meHGYwvky0O7u0eQZdA7B4Wd9owUCqvbw2m3XCrCU8mplYOujMBbvyS547AxJkC+pGnd0Cm15eNxEUNU8g==

"@types/color-name@^1.1.1":
  version "1.1.1"
  resolved "https://registry.yarnpkg.com/@types/color-name/-/color-name-1.1.1.tgz#1c1261bbeaa10a8055bbc5d8ab84b7b2afc846a0"
  integrity sha512-rr+OQyAjxze7GgWrSaJwydHStIhHq2lvY3BOC2Mj7KnzI7XK0Uw1TOOdI9lDoajEbSWLiYgoo4f1R51erQfhPQ==

"@types/mkdirp@^0.5.2":
  version "0.5.2"
  resolved "https://registry.yarnpkg.com/@types/mkdirp/-/mkdirp-0.5.2.tgz#503aacfe5cc2703d5484326b1b27efa67a339c1f"
  integrity sha512-U5icWpv7YnZYGsN4/cmh3WD2onMY0aJIiTE6+51TwJCttdHvtCYmkBNOobHlXwrJRL0nkH9jH4kD+1FAdMN4Tg==
  dependencies:
    "@types/node" "*"

"@types/mocha@^5.2.7":
  version "5.2.7"
  resolved "https://registry.yarnpkg.com/@types/mocha/-/mocha-5.2.7.tgz#315d570ccb56c53452ff8638738df60726d5b6ea"
  integrity sha512-NYrtPht0wGzhwe9+/idPaBB+TqkY9AhTvOLMkThm0IoEfLaiVQZwBwyJ5puCkO3AUCWrmcoePjp2mbFocKy4SQ==

"@types/node-fetch@^2.5.5":
  version "2.5.6"
  resolved "https://registry.yarnpkg.com/@types/node-fetch/-/node-fetch-2.5.6.tgz#df8377a66e64ddf75b65b072e37b3c5c5425a96f"
  integrity sha512-2w0NTwMWF1d3NJMK0Uiq2UNN8htVCyOWOD0jIPjPgC5Ph/YP4dVhs9YxxcMcuLuwAslz0dVEcZQUaqkLs3IzOQ==
  dependencies:
    "@types/node" "*"
    form-data "^3.0.0"

"@types/node@*":
  version "13.11.1"
  resolved "https://registry.yarnpkg.com/@types/node/-/node-13.11.1.tgz#49a2a83df9d26daacead30d0ccc8762b128d53c7"
  integrity sha512-eWQGP3qtxwL8FGneRrC5DwrJLGN4/dH1clNTuLfN81HCrxVtxRjygDTUoZJ5ASlDEeo0ppYFQjQIlXhtXpOn6g==

"@types/node@^10.12.18", "@types/node@^10.3.2":
  version "10.17.19"
  resolved "https://registry.yarnpkg.com/@types/node/-/node-10.17.19.tgz#1d31ddd5503dba2af7a901aafef3392e4955620e"
  integrity sha512-46/xThm3zvvc9t9/7M3AaLEqtOpqlYYYcCZbpYVAQHG20+oMZBkae/VMrn4BTi6AJ8cpack0mEXhGiKmDNbLrQ==

"@types/node@^12.6.1":
  version "12.12.35"
  resolved "https://registry.yarnpkg.com/@types/node/-/node-12.12.35.tgz#1e61b226c14380f4384f70cfe49a65c2c553ad2b"
  integrity sha512-ASYsaKecA7TUsDrqIGPNk3JeEox0z/0XR/WsJJ8BIX/9+SkMSImQXKWfU/yBrSyc7ZSE/NPqLu36Nur0miCFfQ==

"@web3-js/scrypt-shim@^0.1.0":
  version "0.1.0"
  resolved "https://registry.yarnpkg.com/@web3-js/scrypt-shim/-/scrypt-shim-0.1.0.tgz#0bf7529ab6788311d3e07586f7d89107c3bea2cc"
  integrity sha512-ZtZeWCc/s0nMcdx/+rZwY1EcuRdemOK9ag21ty9UsHkFxsNb/AaoucUz0iPuyGe0Ku+PFuRmWZG7Z7462p9xPw==
  dependencies:
    scryptsy "^2.1.0"
    semver "^6.3.0"

"@web3-js/websocket@^1.0.29":
  version "1.0.30"
  resolved "https://registry.yarnpkg.com/@web3-js/websocket/-/websocket-1.0.30.tgz#9ea15b7b582cf3bf3e8bc1f4d3d54c0731a87f87"
  integrity sha512-fDwrD47MiDrzcJdSeTLF75aCcxVVt8B1N74rA+vh2XCAvFy4tEWJjtnUtj2QG7/zlQ6g9cQ88bZFBxwd9/FmtA==
  dependencies:
    debug "^2.2.0"
    es5-ext "^0.10.50"
    nan "^2.14.0"
    typedarray-to-buffer "^3.1.5"
    yaeti "^0.0.6"

abstract-leveldown@3.0.0:
  version "3.0.0"
  resolved "https://registry.yarnpkg.com/abstract-leveldown/-/abstract-leveldown-3.0.0.tgz#5cb89f958a44f526779d740d1440e743e0c30a57"
  integrity sha512-KUWx9UWGQD12zsmLNj64/pndaz4iJh/Pj7nopgkfDG6RlCcbMZvT6+9l7dchK4idog2Is8VdC/PvNbFuFmalIQ==
  dependencies:
    xtend "~4.0.0"

abstract-leveldown@^2.4.1, abstract-leveldown@~2.7.1:
  version "2.7.2"
  resolved "https://registry.yarnpkg.com/abstract-leveldown/-/abstract-leveldown-2.7.2.tgz#87a44d7ebebc341d59665204834c8b7e0932cc93"
  integrity sha512-+OVvxH2rHVEhWLdbudP6p0+dNMXu8JA1CbhP19T8paTYAcX7oJ4OVjT+ZUVpv7mITxXHqDMej+GdqXBmXkw09w==
  dependencies:
    xtend "~4.0.0"

abstract-leveldown@^5.0.0, abstract-leveldown@~5.0.0:
  version "5.0.0"
  resolved "https://registry.yarnpkg.com/abstract-leveldown/-/abstract-leveldown-5.0.0.tgz#f7128e1f86ccabf7d2893077ce5d06d798e386c6"
  integrity sha512-5mU5P1gXtsMIXg65/rsYGsi93+MlogXZ9FA8JnwKurHQg64bfXwGYVdVdijNTVNOlAsuIiOwHdvFFD5JqCJQ7A==
  dependencies:
    xtend "~4.0.0"

abstract-leveldown@~2.6.0:
  version "2.6.3"
  resolved "https://registry.yarnpkg.com/abstract-leveldown/-/abstract-leveldown-2.6.3.tgz#1c5e8c6a5ef965ae8c35dfb3a8770c476b82c4b8"
  integrity sha512-2++wDf/DYqkPR3o5tbfdhF96EfMApo1GpPfzOsR/ZYXdkSmELlvOOEAl9iKkRsktMPHdGjO4rtkBpf2I7TiTeA==
  dependencies:
    xtend "~4.0.0"

accepts@~1.3.7:
  version "1.3.7"
  resolved "https://registry.yarnpkg.com/accepts/-/accepts-1.3.7.tgz#531bc726517a3b2b41f850021c6cc15eaab507cd"
  integrity sha512-Il80Qs2WjYlJIBNzNkK6KYqlVMTbZLXgHx2oT0pU/fjRHyEp+PEfEPY0R3WCwAGVOtauxh1hOxNgIf5bv7dQpA==
  dependencies:
    mime-types "~2.1.24"
    negotiator "0.6.2"

aes-js@3.0.0:
  version "3.0.0"
  resolved "https://registry.yarnpkg.com/aes-js/-/aes-js-3.0.0.tgz#e21df10ad6c2053295bcbb8dab40b09dbea87e4d"
  integrity sha1-4h3xCtbCBTKVvLuNq0Cwnb6ofk0=

aes-js@^3.1.1:
  version "3.1.2"
  resolved "https://registry.yarnpkg.com/aes-js/-/aes-js-3.1.2.tgz#db9aabde85d5caabbfc0d4f2a4446960f627146a"
  integrity sha512-e5pEa2kBnBOgR4Y/p20pskXI74UEz7de8ZGVo58asOtvSVG5YAbJeELPZxOmt+Bnz3rX753YKhfIn4X4l1PPRQ==

ajv@^6.5.5:
  version "6.12.0"
  resolved "https://registry.yarnpkg.com/ajv/-/ajv-6.12.0.tgz#06d60b96d87b8454a5adaba86e7854da629db4b7"
  integrity sha512-D6gFiFA0RRLyUbvijN74DWAjXSFxWKaWP7mldxkVhyhAV3+SWA9HEJPHQ2c9soIeTFJqcSdFDGFgdqs1iUU2Hw==
  dependencies:
    fast-deep-equal "^3.1.1"
    fast-json-stable-stringify "^2.0.0"
    json-schema-traverse "^0.4.1"
    uri-js "^4.2.2"

ansi-colors@3.2.3:
  version "3.2.3"
  resolved "https://registry.yarnpkg.com/ansi-colors/-/ansi-colors-3.2.3.tgz#57d35b8686e851e2cc04c403f1c00203976a1813"
  integrity sha512-LEHHyuhlPY3TmuUYMh2oz89lTShfvgbmzaBcxve9t/9Wuy7Dwf4yoAKcND7KFT1HAQfqZ12qtc+DUrBMeKF9nw==

ansi-colors@4.1.1:
  version "4.1.1"
  resolved "https://registry.yarnpkg.com/ansi-colors/-/ansi-colors-4.1.1.tgz#cbb9ae256bf750af1eab344f229aa27fe94ba348"
  integrity sha512-JoX0apGbHaUJBNl6yF+p6JAFYZ666/hhCGKN5t9QFjbJQKUU/g8MNbFDbvfrgKXvI1QpZplPOnwIo99lX/AAmA==

ansi-regex@^2.0.0, ansi-regex@^2.1.1:
  version "2.1.1"
  resolved "https://registry.yarnpkg.com/ansi-regex/-/ansi-regex-2.1.1.tgz#c3b33ab5ee360d86e0e628f0468ae7ef27d654df"
  integrity sha1-w7M6te42DYbg5ijwRorn7yfWVN8=

ansi-regex@^3.0.0:
  version "3.0.0"
  resolved "https://registry.yarnpkg.com/ansi-regex/-/ansi-regex-3.0.0.tgz#ed0317c322064f79466c02966bddb605ab37d998"
  integrity sha1-7QMXwyIGT3lGbAKWa922Bas32Zg=

ansi-regex@^4.1.0:
  version "4.1.0"
  resolved "https://registry.yarnpkg.com/ansi-regex/-/ansi-regex-4.1.0.tgz#8b9f8f08cf1acb843756a839ca8c7e3168c51997"
  integrity sha512-1apePfXM1UOSqw0o9IiFAovVz9M5S1Dg+4TrDwfMewQ6p/rmMueb7tWZjQ1rx4Loy1ArBggoqGpfqqdI4rondg==

ansi-styles@^2.2.1:
  version "2.2.1"
  resolved "https://registry.yarnpkg.com/ansi-styles/-/ansi-styles-2.2.1.tgz#b432dd3358b634cf75e1e4664368240533c1ddbe"
  integrity sha1-tDLdM1i2NM914eRmQ2gkBTPB3b4=

ansi-styles@^3.2.0, ansi-styles@^3.2.1:
  version "3.2.1"
  resolved "https://registry.yarnpkg.com/ansi-styles/-/ansi-styles-3.2.1.tgz#41fbb20243e50b12be0f04b8dedbf07520ce841d"
  integrity sha512-VT0ZI6kZRdTh8YyJw3SMbYm/u+NqfsAxEpWO0Pf9sq8/e94WxxOpPKx9FR1FlyCtOVDNOQ+8ntlqFxiRc+r5qA==
  dependencies:
    color-convert "^1.9.0"

ansi-styles@^4.1.0:
  version "4.2.1"
  resolved "https://registry.yarnpkg.com/ansi-styles/-/ansi-styles-4.2.1.tgz#90ae75c424d008d2624c5bf29ead3177ebfcf359"
  integrity sha512-9VGjrMsG1vePxcSweQsN20KY/c4zN0h9fLjqAbwbPfahM3t+NL+M9HC8xeXG2I8pX5NoamTGNuomEUFI7fcUjA==
  dependencies:
    "@types/color-name" "^1.1.1"
    color-convert "^2.0.1"

antlr4ts@^0.5.0-alpha.3:
  version "0.5.0-alpha.3"
  resolved "https://registry.yarnpkg.com/antlr4ts/-/antlr4ts-0.5.0-alpha.3.tgz#fa6d39d88d6b96341a8afef45867af9abcb38766"
  integrity sha512-La89tKkGcHFIVuruv4Bm1esc3zLmES2NOTEwwNS1pudz+zx/0FNqQeUu9p48i9/QHKPVqjN87LB+q3buTg7oDQ==

any-promise@1.3.0, any-promise@^1.3.0:
  version "1.3.0"
  resolved "https://registry.yarnpkg.com/any-promise/-/any-promise-1.3.0.tgz#abc6afeedcea52e809cdc0376aed3ce39635d17f"
  integrity sha1-q8av7tzqUugJzcA3au0845Y10X8=

anymatch@~3.1.1:
  version "3.1.1"
  resolved "https://registry.yarnpkg.com/anymatch/-/anymatch-3.1.1.tgz#c55ecf02185e2469259399310c173ce31233b142"
  integrity sha512-mM8522psRCqzV+6LhomX5wgp25YVibjh8Wj23I5RPkPppSVSjyKD2A2mBJmWGa+KN7f2D6LNh9jkBCeyLktzjg==
  dependencies:
    normalize-path "^3.0.0"
    picomatch "^2.0.4"

app-module-path@^2.2.0:
  version "2.2.0"
  resolved "https://registry.yarnpkg.com/app-module-path/-/app-module-path-2.2.0.tgz#641aa55dfb7d6a6f0a8141c4b9c0aa50b6c24dd5"
  integrity sha1-ZBqlXft9am8KgUHEucCqULbCTdU=

arg@^4.1.0:
  version "4.1.2"
  resolved "https://registry.yarnpkg.com/arg/-/arg-4.1.2.tgz#e70c90579e02c63d80e3ad4e31d8bfdb8bd50064"
  integrity sha512-+ytCkGcBtHZ3V2r2Z06AncYO8jz46UEamcspGoU8lHcEbpn6J77QK0vdWvChsclg/tM5XIJC5tnjmPp7Eq6Obg==

argparse@^1.0.7:
  version "1.0.10"
  resolved "https://registry.yarnpkg.com/argparse/-/argparse-1.0.10.tgz#bcd6791ea5ae09725e17e5ad988134cd40b3d911"
  integrity sha512-o5Roy6tNG4SL/FOkCAN6RzjiakZS25RLYFrcMttJqbdd8BWrnA+fGz57iN5Pb06pvBGvl5gQ0B48dJlslXvoTg==
  dependencies:
    sprintf-js "~1.0.2"

array-flatten@1.1.1:
  version "1.1.1"
  resolved "https://registry.yarnpkg.com/array-flatten/-/array-flatten-1.1.1.tgz#9a5f699051b1e7073328f2a008968b64ea2955d2"
  integrity sha1-ml9pkFGx5wczKPKgCJaLZOopVdI=

array.prototype.map@^1.0.1:
  version "1.0.2"
  resolved "https://registry.yarnpkg.com/array.prototype.map/-/array.prototype.map-1.0.2.tgz#9a4159f416458a23e9483078de1106b2ef68f8ec"
  integrity sha512-Az3OYxgsa1g7xDYp86l0nnN4bcmuEITGe1rbdEBVkrqkzMgDcbdQ2R7r41pNzti+4NMces3H8gMmuioZUilLgw==
  dependencies:
    define-properties "^1.1.3"
    es-abstract "^1.17.0-next.1"
    es-array-method-boxes-properly "^1.0.0"
    is-string "^1.0.4"

asn1.js@^4.0.0:
  version "4.10.1"
  resolved "https://registry.yarnpkg.com/asn1.js/-/asn1.js-4.10.1.tgz#b9c2bf5805f1e64aadeed6df3a2bfafb5a73f5a0"
  integrity sha512-p32cOF5q0Zqs9uBiONKYLm6BClCoBCM5O9JfeUSlnQLBTxYdTK+pW+nXflm8UkKd2UYlEbYz5qEi0JuZR9ckSw==
  dependencies:
    bn.js "^4.0.0"
    inherits "^2.0.1"
    minimalistic-assert "^1.0.0"

asn1@~0.2.3:
  version "0.2.4"
  resolved "https://registry.yarnpkg.com/asn1/-/asn1-0.2.4.tgz#8d2475dfab553bb33e77b54e59e880bb8ce23136"
  integrity sha512-jxwzQpLQjSmWXgwaCZE9Nz+glAG01yF1QnWgbhGwHI5A6FRIEY6IVqtHhIepHqI7/kyEyQEagBC5mBEFlIYvdg==
  dependencies:
    safer-buffer "~2.1.0"

assert-plus@1.0.0, assert-plus@^1.0.0:
  version "1.0.0"
  resolved "https://registry.yarnpkg.com/assert-plus/-/assert-plus-1.0.0.tgz#f12e0f3c5d77b0b1cdd9146942e4e96c1e4dd525"
  integrity sha1-8S4PPF13sLHN2RRpQuTpbB5N1SU=

assertion-error@^1.1.0:
  version "1.1.0"
  resolved "https://registry.yarnpkg.com/assertion-error/-/assertion-error-1.1.0.tgz#e60b6b0e8f301bd97e5375215bda406c85118c0b"
  integrity sha512-jgsaNduz+ndvGyFt3uSuWqvy4lCnIJiovtouQN5JZHOKCS2QuhEdbcQHFhVksz2N2U9hXJo8odG7ETyWlEeuDw==

async-eventemitter@^0.2.2:
  version "0.2.4"
  resolved "https://registry.yarnpkg.com/async-eventemitter/-/async-eventemitter-0.2.4.tgz#f5e7c8ca7d3e46aab9ec40a292baf686a0bafaca"
  integrity sha512-pd20BwL7Yt1zwDFy+8MX8F1+WCT8aQeKj0kQnTrH9WaeRETlRamVhD0JtRPmrV4GfOJ2F9CvdQkZeZhnh2TuHw==
  dependencies:
    async "^2.4.0"

async-limiter@~1.0.0:
  version "1.0.1"
  resolved "https://registry.yarnpkg.com/async-limiter/-/async-limiter-1.0.1.tgz#dd379e94f0db8310b08291f9d64c3209766617fd"
  integrity sha512-csOlWGAcRFJaI6m+F2WKdnMKr4HhdhFVBk0H/QbJFMCr+uO2kwohwXQPxw/9OCxp05r5ghVBFSyioixx3gfkNQ==

async@2.6.2:
  version "2.6.2"
  resolved "https://registry.yarnpkg.com/async/-/async-2.6.2.tgz#18330ea7e6e313887f5d2f2a904bac6fe4dd5381"
  integrity sha512-H1qVYh1MYhEEFLsP97cVKqCGo7KfCyTt6uEWqsTBr9SO84oK9Uwbyd/yCW+6rKJLHksBNUVWZDAjfS+Ccx0Bbg==
  dependencies:
    lodash "^4.17.11"

async@^1.4.2:
  version "1.5.2"
  resolved "https://registry.yarnpkg.com/async/-/async-1.5.2.tgz#ec6a61ae56480c0c3cb241c95618e20892f9672a"
  integrity sha1-7GphrlZIDAw8skHJVhjiCJL5Zyo=

async@^2.0.1, async@^2.1.2, async@^2.4.0, async@^2.5.0, async@^2.6.1:
  version "2.6.3"
  resolved "https://registry.yarnpkg.com/async/-/async-2.6.3.tgz#d72625e2344a3656e3a3ad4fa749fa83299d82ff"
  integrity sha512-zflvls11DCy+dQWzTW2dzuilv8Z5X/pjfmZOWba6TNIVDm+2UDaJmXSOXlasHKfNBs8oo3M0aT50fDEWfKZjXg==
  dependencies:
    lodash "^4.17.14"

asynckit@^0.4.0:
  version "0.4.0"
  resolved "https://registry.yarnpkg.com/asynckit/-/asynckit-0.4.0.tgz#c79ed97f7f34cb8f2ba1bc9790bcc366474b4b79"
  integrity sha1-x57Zf380y48robyXkLzDZkdLS3k=

aws-sign2@~0.7.0:
  version "0.7.0"
  resolved "https://registry.yarnpkg.com/aws-sign2/-/aws-sign2-0.7.0.tgz#b46e890934a9591f2d2f6f86d7e6a9f1b3fe76a8"
  integrity sha1-tG6JCTSpWR8tL2+G1+ap8bP+dqg=

aws4@^1.8.0:
  version "1.9.1"
  resolved "https://registry.yarnpkg.com/aws4/-/aws4-1.9.1.tgz#7e33d8f7d449b3f673cd72deb9abdc552dbe528e"
  integrity sha512-wMHVg2EOHaMRxbzgFJ9gtjOOCrI80OHLG14rxi28XwOW8ux6IiEbRCGGGqCtdAIg4FQCbW20k9RsT4y3gJlFug==

axios@0.19.2:
  version "0.19.2"
  resolved "https://registry.yarnpkg.com/axios/-/axios-0.19.2.tgz#3ea36c5d8818d0d5f8a8a97a6d36b86cdc00cb27"
  integrity sha512-fjgm5MvRHLhx+osE2xoekY70AhARk3a6hkN+3Io1jc00jtquGvxYlKlsFUhmUET0V5te6CcZI7lcv2Ym61mjHA==
  dependencies:
    follow-redirects "1.5.10"

babel-code-frame@^6.26.0:
  version "6.26.0"
  resolved "https://registry.yarnpkg.com/babel-code-frame/-/babel-code-frame-6.26.0.tgz#63fd43f7dc1e3bb7ce35947db8fe369a3f58c74b"
  integrity sha1-Y/1D99weO7fONZR9uP42mj9Yx0s=
  dependencies:
    chalk "^1.1.3"
    esutils "^2.0.2"
    js-tokens "^3.0.2"

babel-core@^6.0.14, babel-core@^6.26.0:
  version "6.26.3"
  resolved "https://registry.yarnpkg.com/babel-core/-/babel-core-6.26.3.tgz#b2e2f09e342d0f0c88e2f02e067794125e75c207"
  integrity sha512-6jyFLuDmeidKmUEb3NM+/yawG0M2bDZ9Z1qbZP59cyHLz8kYGKYwpJP0UwUKKUiTRNvxfLesJnTedqczP7cTDA==
  dependencies:
    babel-code-frame "^6.26.0"
    babel-generator "^6.26.0"
    babel-helpers "^6.24.1"
    babel-messages "^6.23.0"
    babel-register "^6.26.0"
    babel-runtime "^6.26.0"
    babel-template "^6.26.0"
    babel-traverse "^6.26.0"
    babel-types "^6.26.0"
    babylon "^6.18.0"
    convert-source-map "^1.5.1"
    debug "^2.6.9"
    json5 "^0.5.1"
    lodash "^4.17.4"
    minimatch "^3.0.4"
    path-is-absolute "^1.0.1"
    private "^0.1.8"
    slash "^1.0.0"
    source-map "^0.5.7"

babel-generator@^6.26.0:
  version "6.26.1"
  resolved "https://registry.yarnpkg.com/babel-generator/-/babel-generator-6.26.1.tgz#1844408d3b8f0d35a404ea7ac180f087a601bd90"
  integrity sha512-HyfwY6ApZj7BYTcJURpM5tznulaBvyio7/0d4zFOeMPUmfxkCjHocCuoLa2SAGzBI8AREcH3eP3758F672DppA==
  dependencies:
    babel-messages "^6.23.0"
    babel-runtime "^6.26.0"
    babel-types "^6.26.0"
    detect-indent "^4.0.0"
    jsesc "^1.3.0"
    lodash "^4.17.4"
    source-map "^0.5.7"
    trim-right "^1.0.1"

babel-helper-builder-binary-assignment-operator-visitor@^6.24.1:
  version "6.24.1"
  resolved "https://registry.yarnpkg.com/babel-helper-builder-binary-assignment-operator-visitor/-/babel-helper-builder-binary-assignment-operator-visitor-6.24.1.tgz#cce4517ada356f4220bcae8a02c2b346f9a56664"
  integrity sha1-zORReto1b0IgvK6KAsKzRvmlZmQ=
  dependencies:
    babel-helper-explode-assignable-expression "^6.24.1"
    babel-runtime "^6.22.0"
    babel-types "^6.24.1"

babel-helper-call-delegate@^6.24.1:
  version "6.24.1"
  resolved "https://registry.yarnpkg.com/babel-helper-call-delegate/-/babel-helper-call-delegate-6.24.1.tgz#ece6aacddc76e41c3461f88bfc575bd0daa2df8d"
  integrity sha1-7Oaqzdx25Bw0YfiL/Fdb0Nqi340=
  dependencies:
    babel-helper-hoist-variables "^6.24.1"
    babel-runtime "^6.22.0"
    babel-traverse "^6.24.1"
    babel-types "^6.24.1"

babel-helper-define-map@^6.24.1:
  version "6.26.0"
  resolved "https://registry.yarnpkg.com/babel-helper-define-map/-/babel-helper-define-map-6.26.0.tgz#a5f56dab41a25f97ecb498c7ebaca9819f95be5f"
  integrity sha1-pfVtq0GiX5fstJjH66ypgZ+Vvl8=
  dependencies:
    babel-helper-function-name "^6.24.1"
    babel-runtime "^6.26.0"
    babel-types "^6.26.0"
    lodash "^4.17.4"

babel-helper-explode-assignable-expression@^6.24.1:
  version "6.24.1"
  resolved "https://registry.yarnpkg.com/babel-helper-explode-assignable-expression/-/babel-helper-explode-assignable-expression-6.24.1.tgz#f25b82cf7dc10433c55f70592d5746400ac22caa"
  integrity sha1-8luCz33BBDPFX3BZLVdGQArCLKo=
  dependencies:
    babel-runtime "^6.22.0"
    babel-traverse "^6.24.1"
    babel-types "^6.24.1"

babel-helper-function-name@^6.24.1:
  version "6.24.1"
  resolved "https://registry.yarnpkg.com/babel-helper-function-name/-/babel-helper-function-name-6.24.1.tgz#d3475b8c03ed98242a25b48351ab18399d3580a9"
  integrity sha1-00dbjAPtmCQqJbSDUasYOZ01gKk=
  dependencies:
    babel-helper-get-function-arity "^6.24.1"
    babel-runtime "^6.22.0"
    babel-template "^6.24.1"
    babel-traverse "^6.24.1"
    babel-types "^6.24.1"

babel-helper-get-function-arity@^6.24.1:
  version "6.24.1"
  resolved "https://registry.yarnpkg.com/babel-helper-get-function-arity/-/babel-helper-get-function-arity-6.24.1.tgz#8f7782aa93407c41d3aa50908f89b031b1b6853d"
  integrity sha1-j3eCqpNAfEHTqlCQj4mwMbG2hT0=
  dependencies:
    babel-runtime "^6.22.0"
    babel-types "^6.24.1"

babel-helper-hoist-variables@^6.24.1:
  version "6.24.1"
  resolved "https://registry.yarnpkg.com/babel-helper-hoist-variables/-/babel-helper-hoist-variables-6.24.1.tgz#1ecb27689c9d25513eadbc9914a73f5408be7a76"
  integrity sha1-HssnaJydJVE+rbyZFKc/VAi+enY=
  dependencies:
    babel-runtime "^6.22.0"
    babel-types "^6.24.1"

babel-helper-optimise-call-expression@^6.24.1:
  version "6.24.1"
  resolved "https://registry.yarnpkg.com/babel-helper-optimise-call-expression/-/babel-helper-optimise-call-expression-6.24.1.tgz#f7a13427ba9f73f8f4fa993c54a97882d1244257"
  integrity sha1-96E0J7qfc/j0+pk8VKl4gtEkQlc=
  dependencies:
    babel-runtime "^6.22.0"
    babel-types "^6.24.1"

babel-helper-regex@^6.24.1:
  version "6.26.0"
  resolved "https://registry.yarnpkg.com/babel-helper-regex/-/babel-helper-regex-6.26.0.tgz#325c59f902f82f24b74faceed0363954f6495e72"
  integrity sha1-MlxZ+QL4LyS3T6zu0DY5VPZJXnI=
  dependencies:
    babel-runtime "^6.26.0"
    babel-types "^6.26.0"
    lodash "^4.17.4"

babel-helper-remap-async-to-generator@^6.24.1:
  version "6.24.1"
  resolved "https://registry.yarnpkg.com/babel-helper-remap-async-to-generator/-/babel-helper-remap-async-to-generator-6.24.1.tgz#5ec581827ad723fecdd381f1c928390676e4551b"
  integrity sha1-XsWBgnrXI/7N04HxySg5BnbkVRs=
  dependencies:
    babel-helper-function-name "^6.24.1"
    babel-runtime "^6.22.0"
    babel-template "^6.24.1"
    babel-traverse "^6.24.1"
    babel-types "^6.24.1"

babel-helper-replace-supers@^6.24.1:
  version "6.24.1"
  resolved "https://registry.yarnpkg.com/babel-helper-replace-supers/-/babel-helper-replace-supers-6.24.1.tgz#bf6dbfe43938d17369a213ca8a8bf74b6a90ab1a"
  integrity sha1-v22/5Dk40XNpohPKiov3S2qQqxo=
  dependencies:
    babel-helper-optimise-call-expression "^6.24.1"
    babel-messages "^6.23.0"
    babel-runtime "^6.22.0"
    babel-template "^6.24.1"
    babel-traverse "^6.24.1"
    babel-types "^6.24.1"

babel-helpers@^6.24.1:
  version "6.24.1"
  resolved "https://registry.yarnpkg.com/babel-helpers/-/babel-helpers-6.24.1.tgz#3471de9caec388e5c850e597e58a26ddf37602b2"
  integrity sha1-NHHenK7DiOXIUOWX5Yom3fN2ArI=
  dependencies:
    babel-runtime "^6.22.0"
    babel-template "^6.24.1"

babel-messages@^6.23.0:
  version "6.23.0"
  resolved "https://registry.yarnpkg.com/babel-messages/-/babel-messages-6.23.0.tgz#f3cdf4703858035b2a2951c6ec5edf6c62f2630e"
  integrity sha1-8830cDhYA1sqKVHG7F7fbGLyYw4=
  dependencies:
    babel-runtime "^6.22.0"

babel-plugin-check-es2015-constants@^6.22.0:
  version "6.22.0"
  resolved "https://registry.yarnpkg.com/babel-plugin-check-es2015-constants/-/babel-plugin-check-es2015-constants-6.22.0.tgz#35157b101426fd2ffd3da3f75c7d1e91835bbf8a"
  integrity sha1-NRV7EBQm/S/9PaP3XH0ekYNbv4o=
  dependencies:
    babel-runtime "^6.22.0"

babel-plugin-syntax-async-functions@^6.8.0:
  version "6.13.0"
  resolved "https://registry.yarnpkg.com/babel-plugin-syntax-async-functions/-/babel-plugin-syntax-async-functions-6.13.0.
